
Microsoft Visual Studio Solution File, Format Version 12.00
# Visual Studio Version 17
VisualStudioVersion = 17.7.34221.43
MinimumVisualStudioVersion = 10.0.40219.1
Project("{FAE04EC0-301F-11D3-BF4B-00C04F79EFBC}") = "Jwt_Token_Learn", "Jwt_Token_Learn\Jwt_Token_Learn.csproj", "{36BF83EC-FA60-4477-A215-7E69F6FCC816}"
EndProject
Global
	GlobalSection(SolutionConfigurationPlatforms) = preSolution
		Debug|Any CPU = Debug|Any CPU
		Release|Any CPU = Release|Any CPU
	EndGlobalSection
	GlobalSection(ProjectConfigurationPlatforms) = postSolution
		{36BF83EC-FA60-4477-A215-7E69F6FCC816}.Debug|Any CPU.ActiveCfg = Debug|Any CPU
		{36BF83EC-FA60-4477-A215-7E69F6FCC816}.Debug|Any CPU.Build.0 = Debug|Any CPU
		{36BF83EC-FA60-4477-A215-7E69F6FCC816}.Release|Any CPU.ActiveCfg = Release|Any CPU
		{36BF83EC-FA60-4477-A215-7E69F6FCC816}.Release|Any CPU.Build.0 = Release|Any CPU
	EndGlobalSection
	GlobalSection(SolutionProperties) = preSolution
		HideSolutionNode = FALSE
	EndGlobalSection
	GlobalSection(ExtensibilityGlobals) = postSolution
		SolutionGuid = {F790D273-D846-4DAA-BE55-230C1CBC0795}
	EndGlobalSection
EndGlobal
